
Microsoft Visual Studio Solution File, Format Version 12.00
# Visual Studio Version 16
VisualStudioVersion = 16.0.29519.181
MinimumVisualStudioVersion = 10.0.40219.1
Project("{2150E333-8FDC-42A3-9474-1A3956D46DE8}") = "src", "src", "{54E9E0D3-00F9-47B1-9C53-5A6409075FD1}"
EndProject
Project("{2150E333-8FDC-42A3-9474-1A3956D46DE8}") = "Solution Items", "Solution Items", "{DB104F62-17C0-427F-A52E-9DE1BA135431}"
	ProjectSection(SolutionItems) = preProject
		LICENSE = LICENSE
		README.md = README.md
	EndProjectSection
EndProject
Project("{2150E333-8FDC-42A3-9474-1A3956D46DE8}") = "Core", "Core", "{1A198D52-EC6F-4A42-93A6-E025807A31FF}"
EndProject
Project("{2150E333-8FDC-42A3-9474-1A3956D46DE8}") = "Infrastructures", "Infrastructures", "{9F812B48-26D1-49E4-BC78-3EDA05149DBF}"
EndProject
Project("{2150E333-8FDC-42A3-9474-1A3956D46DE8}") = "Middleware", "Middleware", "{62691FBC-3DAC-47CD-82D0-0C323CE58B46}"
EndProject
Project("{2150E333-8FDC-42A3-9474-1A3956D46DE8}") = "Presentations", "Presentations", "{2E157F19-53DC-436D-93E1-0E1BB432152B}"
EndProject
Project("{9A19103F-16F7-4668-BE54-9A1E7A4F7556}") = "StartupIdentity.Presentations.WebAPP", "src\StartupIdentity.Presentations.WebAPP\StartupIdentity.Presentations.WebAPP.csproj", "{261CABCF-28AD-444A-9CA3-24A4091B8AEE}"
EndProject
Project("{9A19103F-16F7-4668-BE54-9A1E7A4F7556}") = "StartupIdentity.Middleware.IoC", "src\StartupIdentity.Middleware.IoC\StartupIdentity.Middleware.IoC.csproj", "{ED197C70-385D-49FA-83E7-07F15AD45E06}"
EndProject
Project("{9A19103F-16F7-4668-BE54-9A1E7A4F7556}") = "StartupIdentity.Infrastructures.Data", "src\StartupIdentity.Infrastructures.Data\StartupIdentity.Infrastructures.Data.csproj", "{F0CB1866-2C84-494E-AD2F-5E034D386187}"
EndProject
Project("{FAE04EC0-301F-11D3-BF4B-00C04F79EFBC}") = "StartupIdentity.Core.Application", "src\StartupIdentity.Core.Application\StartupIdentity.Core.Application.csproj", "{75920393-AEA5-4096-BF6B-43BB14C2AEFB}"
EndProject
Project("{FAE04EC0-301F-11D3-BF4B-00C04F79EFBC}") = "StartupIdentity.Core.Domain.Entities", "src\StartupIdentity.Core.Domain.Entities\StartupIdentity.Core.Domain.Entities.csproj", "{1CE7235E-B250-4795-B128-3C7D12FD36A4}"
EndProject
Project("{FAE04EC0-301F-11D3-BF4B-00C04F79EFBC}") = "StartupIdentity.Core.Domain.Interfaces", "src\StartupIdentity.Core.Domain.Interfaces\StartupIdentity.Core.Domain.Interfaces.csproj", "{78524712-455F-44E7-A629-4EE742257E5A}"
EndProject
Global
	GlobalSection(SolutionConfigurationPlatforms) = preSolution
		Debug|Any CPU = Debug|Any CPU
		Release|Any CPU = Release|Any CPU
	EndGlobalSection
	GlobalSection(ProjectConfigurationPlatforms) = postSolution
		{261CABCF-28AD-444A-9CA3-24A4091B8AEE}.Debug|Any CPU.ActiveCfg = Debug|Any CPU
		{261CABCF-28AD-444A-9CA3-24A4091B8AEE}.Debug|Any CPU.Build.0 = Debug|Any CPU
		{261CABCF-28AD-444A-9CA3-24A4091B8AEE}.Release|Any CPU.ActiveCfg = Release|Any CPU
		{261CABCF-28AD-444A-9CA3-24A4091B8AEE}.Release|Any CPU.Build.0 = Release|Any CPU
		{ED197C70-385D-49FA-83E7-07F15AD45E06}.Debug|Any CPU.ActiveCfg = Debug|Any CPU
		{ED197C70-385D-49FA-83E7-07F15AD45E06}.Debug|Any CPU.Build.0 = Debug|Any CPU
		{ED197C70-385D-49FA-83E7-07F15AD45E06}.Release|Any CPU.ActiveCfg = Release|Any CPU
		{ED197C70-385D-49FA-83E7-07F15AD45E06}.Release|Any CPU.Build.0 = Release|Any CPU
		{F0CB1866-2C84-494E-AD2F-5E034D386187}.Debug|Any CPU.ActiveCfg = Debug|Any CPU
		{F0CB1866-2C84-494E-AD2F-5E034D386187}.Debug|Any CPU.Build.0 = Debug|Any CPU
		{F0CB1866-2C84-494E-AD2F-5E034D386187}.Release|Any CPU.ActiveCfg = Release|Any CPU
		{F0CB1866-2C84-494E-AD2F-5E034D386187}.Release|Any CPU.Build.0 = Release|Any CPU
		{75920393-AEA5-4096-BF6B-43BB14C2AEFB}.Debug|Any CPU.ActiveCfg = Debug|Any CPU
		{75920393-AEA5-4096-BF6B-43BB14C2AEFB}.Debug|Any CPU.Build.0 = Debug|Any CPU
		{75920393-AEA5-4096-BF6B-43BB14C2AEFB}.Release|Any CPU.ActiveCfg = Release|Any CPU
		{75920393-AEA5-4096-BF6B-43BB14C2AEFB}.Release|Any CPU.Build.0 = Release|Any CPU
		{1CE7235E-B250-4795-B128-3C7D12FD36A4}.Debug|Any CPU.ActiveCfg = Debug|Any CPU
		{1CE7235E-B250-4795-B128-3C7D12FD36A4}.Debug|Any CPU.Build.0 = Debug|Any CPU
		{1CE7235E-B250-4795-B128-3C7D12FD36A4}.Release|Any CPU.ActiveCfg = Release|Any CPU
		{1CE7235E-B250-4795-B128-3C7D12FD36A4}.Release|Any CPU.Build.0 = Release|Any CPU
		{78524712-455F-44E7-A629-4EE742257E5A}.Debug|Any CPU.ActiveCfg = Debug|Any CPU
		{78524712-455F-44E7-A629-4EE742257E5A}.Debug|Any CPU.Build.0 = Debug|Any CPU
		{78524712-455F-44E7-A629-4EE742257E5A}.Release|Any CPU.ActiveCfg = Release|Any CPU
		{78524712-455F-44E7-A629-4EE742257E5A}.Release|Any CPU.Build.0 = Release|Any CPU
	EndGlobalSection
	GlobalSection(SolutionProperties) = preSolution
		HideSolutionNode = FALSE
	EndGlobalSection
	GlobalSection(NestedProjects) = preSolution
		{1A198D52-EC6F-4A42-93A6-E025807A31FF} = {54E9E0D3-00F9-47B1-9C53-5A6409075FD1}
		{9F812B48-26D1-49E4-BC78-3EDA05149DBF} = {54E9E0D3-00F9-47B1-9C53-5A6409075FD1}
		{62691FBC-3DAC-47CD-82D0-0C323CE58B46} = {54E9E0D3-00F9-47B1-9C53-5A6409075FD1}
		{2E157F19-53DC-436D-93E1-0E1BB432152B} = {54E9E0D3-00F9-47B1-9C53-5A6409075FD1}
		{261CABCF-28AD-444A-9CA3-24A4091B8AEE} = {2E157F19-53DC-436D-93E1-0E1BB432152B}
		{ED197C70-385D-49FA-83E7-07F15AD45E06} = {62691FBC-3DAC-47CD-82D0-0C323CE58B46}
		{F0CB1866-2C84-494E-AD2F-5E034D386187} = {9F812B48-26D1-49E4-BC78-3EDA05149DBF}
		{75920393-AEA5-4096-BF6B-43BB14C2AEFB} = {1A198D52-EC6F-4A42-93A6-E025807A31FF}
		{1CE7235E-B250-4795-B128-3C7D12FD36A4} = {1A198D52-EC6F-4A42-93A6-E025807A31FF}
		{78524712-455F-44E7-A629-4EE742257E5A} = {1A198D52-EC6F-4A42-93A6-E025807A31FF}
	EndGlobalSection
	GlobalSection(ExtensibilityGlobals) = postSolution
		SolutionGuid = {6B398746-CD60-4B8D-AFC7-044D30C993C3}
	EndGlobalSection
EndGlobal
